
Microsoft Visual Studio Solution File, Format Version 12.00
Project("{FAE04EC0-301F-11D3-BF4B-00C04F79EFBC}") = "micropro", "micropro\micropro.csproj", "{41A779A9-A98A-4CEA-A2E1-6EC39B6ECD7F}"
EndProject
Global
	GlobalSection(SolutionConfigurationPlatforms) = preSolution
		Debug|Any CPU = Debug|Any CPU
		Release|Any CPU = Release|Any CPU
	EndGlobalSection
	GlobalSection(ProjectConfigurationPlatforms) = postSolution
		{41A779A9-A98A-4CEA-A2E1-6EC39B6ECD7F}.Debug|Any CPU.ActiveCfg = Debug|Any CPU
		{41A779A9-A98A-4CEA-A2E1-6EC39B6ECD7F}.Debug|Any CPU.Build.0 = Debug|Any CPU
		{41A779A9-A98A-4CEA-A2E1-6EC39B6ECD7F}.Release|Any CPU.ActiveCfg = Release|Any CPU
		{41A779A9-A98A-4CEA-A2E1-6EC39B6ECD7F}.Release|Any CPU.Build.0 = Release|Any CPU
	EndGlobalSection
EndGlobal
